{
  "name": "screenpipe",
  "lockfileVersion": 3,
  "requires": true,
  "packages": {
    "": {
      "dependencies": {
        "screenpipe": "^0.4.50"
      }
    },
    "node_modules/@screenpipe/cli-darwin-arm64": {
      "version": "0.4.50",
      "resolved": "https://registry.npmjs.org/@screenpipe/cli-darwin-arm64/-/cli-darwin-arm64-0.4.50.tgz",
      "integrity": "sha512-PiXkBHVQJYFNumh3PQMEt2xKWQzD5OrVk42cRDqDd+JLZ+cGOn6AHQctVdOnSMZRerGAR7mdQUZLuivgAxmtRQ==",
      "cpu": [
        "arm64"
      ],
      "license": "SEE LICENSE IN LICENSE.md",
      "optional": true,
      "os": [
        "darwin"
      ]
    },
    "node_modules/@screenpipe/cli-darwin-x64": {
      "version": "0.4.50",
      "resolved": "https://registry.npmjs.org/@screenpipe/cli-darwin-x64/-/cli-darwin-x64-0.4.50.tgz",
      "integrity": "sha512-zviCtylzPkUEzDr5Ghw6BUbMZqxFyvn06LnAYyTfJy7Pb1MwBRFC962sUKRrn3S+K8VxA8Z2eQsfMOVlIlztsA==",
      "cpu": [
        "x64"
      ],
      "license": "SEE LICENSE IN LICENSE.md",
      "optional": true,
      "os": [
        "darwin"
      ]
    },
    "node_modules/@screenpipe/cli-linux-x64": {
      "version": "0.4.50",
      "resolved": "https://registry.npmjs.org/@screenpipe/cli-linux-x64/-/cli-linux-x64-0.4.50.tgz",
      "integrity": "sha512-QG3NZIB33W4Ua0hKoHJ799+JBeVuIBHOpGBTU7diOuAFn+TgAifi9hRaqya8PaHiqW1VO/ewl8QrheXSxM6mCg==",
      "cpu": [
        "x64"
      ],
      "license": "SEE LICENSE IN LICENSE.md",
      "optional": true,
      "os": [
        "linux"
      ]
    },
    "node_modules/@screenpipe/cli-win32-x64": {
      "version": "0.4.50",
      "resolved": "https://registry.npmjs.org/@screenpipe/cli-win32-x64/-/cli-win32-x64-0.4.50.tgz",
      "integrity": "sha512-wG86a6zi9ZrSZPY1KmepzXxZ8HOBtDOBe+jDwVEtpgT5mpwtmRpOS+jLIsBsFntLmxm6UD2oZ27xGc/jM5aNGw==",
      "cpu": [
        "x64"
      ],
      "license": "SEE LICENSE IN LICENSE.md",
      "optional": true,
      "os": [
        "win32"
      ]
    },
    "node_modules/screenpipe": {
      "version": "0.4.50",
      "resolved": "https://registry.npmjs.org/screenpipe/-/screenpipe-0.4.50.tgz",
      "integrity": "sha512-he3F7aIJkzii+uFeHFE2oeENc1XWUjP0sIVbtqnrfNP293R1JikNvvSBgs739KoDKsFo6FLYjDsjj47aBErFJw==",
      "hasInstallScript": true,
      "license": "SEE LICENSE IN LICENSE.md",
      "bin": {
        "screenpipe": "lib/cli.js"
      },
      "optionalDependencies": {
        "@screenpipe/cli-darwin-arm64": "0.4.50",
        "@screenpipe/cli-darwin-x64": "0.4.50",
        "@screenpipe/cli-linux-x64": "0.4.50",
        "@screenpipe/cli-win32-x64": "0.4.50"
      }
    }
  }
}
